
Microsoft Visual Studio Solution File, Format Version 12.00
# Visual Studio Version 17
VisualStudioVersion = 17.13.35806.99 d17.13
MinimumVisualStudioVersion = 10.0.40219.1
Project("{FAE04EC0-301F-11D3-BF4B-00C04F79EFBC}") = "StudentInternshipManagement", "StudentInternshipManagement.csproj", "{4BCE62A0-74F3-47C1-9A65-5803A85C8317}"
EndProject
Global
	GlobalSection(SolutionConfigurationPlatforms) = preSolution
		Debug|Any CPU = Debug|Any CPU
		Release|Any CPU = Release|Any CPU
	EndGlobalSection
	GlobalSection(ProjectConfigurationPlatforms) = postSolution
		{4BCE62A0-74F3-47C1-9A65-5803A85C8317}.Debug|Any CPU.ActiveCfg = Debug|Any CPU
		{4BCE62A0-74F3-47C1-9A65-5803A85C8317}.Debug|Any CPU.Build.0 = Debug|Any CPU
		{4BCE62A0-74F3-47C1-9A65-5803A85C8317}.Release|Any CPU.ActiveCfg = Release|Any CPU
		{4BCE62A0-74F3-47C1-9A65-5803A85C8317}.Release|Any CPU.Build.0 = Release|Any CPU
	EndGlobalSection
	GlobalSection(SolutionProperties) = preSolution
		HideSolutionNode = FALSE
	EndGlobalSection
	GlobalSection(ExtensibilityGlobals) = postSolution
		SolutionGuid = {D17F5B74-DE23-4F3F-932B-8EBE3FC06F9A}
	EndGlobalSection
EndGlobal
